Microsoft Visual Studio Solution File, Format Version 9.00
# Visual C++ Express 2005
Project("{8BC9CEB8-8B4A-11D0-8D11-00A0C91BC942}") = "libSmi", "libSmi\smiLib.vcproj", "{0FB13161-09B7-46BE-8626-296431701F9F}"
EndProject
Project("{8BC9CEB8-8B4A-11D0-8D11-00A0C91BC942}") = "unitTestSmi", "unitTestSmi\smiUnitTest.vcproj", "{023B2D59-816F-484B-91D2-46965956163D}"
	ProjectSection(ProjectDependencies) = postProject
		{F82419DA-7162-44D4-83BC-5E12D344F1D8} = {F82419DA-7162-44D4-83BC-5E12D344F1D8}
		{45AE75C6-8AA3-4067-8B1F-BB6C6441F42E} = {45AE75C6-8AA3-4067-8B1F-BB6C6441F42E}
		{2E758572-62B7-460A-AE39-ED82A8253BF9} = {2E758572-62B7-460A-AE39-ED82A8253BF9}
		{0FB13161-09B7-46BE-8626-296431701F9F} = {0FB13161-09B7-46BE-8626-296431701F9F}
		{83DAAD3C-1AEC-49D6-89F7-B5E869D6E1E3} = {83DAAD3C-1AEC-49D6-89F7-B5E869D6E1E3}
	EndProjectSection
EndProject
Project("{8BC9CEB8-8B4A-11D0-8D11-00A0C91BC942}") = "libClp", "..\Clp\libClp\libClp.vcproj", "{2E758572-62B7-460A-AE39-ED82A8253BF9}"
EndProject
Project("{8BC9CEB8-8B4A-11D0-8D11-00A0C91BC942}") = "libCoinUtils", "..\CoinUtils\libCoinUtils\libCoinUtils.vcproj", "{45AE75C6-8AA3-4067-8B1F-BB6C6441F42E}"
EndProject
Project("{8BC9CEB8-8B4A-11D0-8D11-00A0C91BC942}") = "libOsi", "..\Osi\libOsi\libOsi.vcproj", "{F82419DA-7162-44D4-83BC-5E12D344F1D8}"
EndProject
Project("{8BC9CEB8-8B4A-11D0-8D11-00A0C91BC942}") = "libOsiClp", "..\Osi\libOsiClp\libOsiClp.vcproj", "{83DAAD3C-1AEC-49D6-89F7-B5E869D6E1E3}"
EndProject
Project("{8BC9CEB8-8B4A-11D0-8D11-00A0C91BC942}") = "example", "example\example.vcproj", "{5FA61AA4-15AB-45D8-A04B-C918CB7437CB}"
	ProjectSection(ProjectDependencies) = postProject
		{83DAAD3C-1AEC-49D6-89F7-B5E869D6E1E3} = {83DAAD3C-1AEC-49D6-89F7-B5E869D6E1E3}
		{0FB13161-09B7-46BE-8626-296431701F9F} = {0FB13161-09B7-46BE-8626-296431701F9F}
		{2E758572-62B7-460A-AE39-ED82A8253BF9} = {2E758572-62B7-460A-AE39-ED82A8253BF9}
		{45AE75C6-8AA3-4067-8B1F-BB6C6441F42E} = {45AE75C6-8AA3-4067-8B1F-BB6C6441F42E}
		{F82419DA-7162-44D4-83BC-5E12D344F1D8} = {F82419DA-7162-44D4-83BC-5E12D344F1D8}
	EndProjectSection
EndProject
Global
	GlobalSection(SolutionConfigurationPlatforms) = preSolution
		Debug|Win32 = Debug|Win32
		Release|Win32 = Release|Win32
	EndGlobalSection
	GlobalSection(ProjectConfigurationPlatforms) = postSolution
		{0FB13161-09B7-46BE-8626-296431701F9F}.Debug|Win32.ActiveCfg = Debug|Win32
		{0FB13161-09B7-46BE-8626-296431701F9F}.Debug|Win32.Build.0 = Debug|Win32
		{0FB13161-09B7-46BE-8626-296431701F9F}.Release|Win32.ActiveCfg = Release|Win32
		{0FB13161-09B7-46BE-8626-296431701F9F}.Release|Win32.Build.0 = Release|Win32
		{023B2D59-816F-484B-91D2-46965956163D}.Debug|Win32.ActiveCfg = Debug|Win32
		{023B2D59-816F-484B-91D2-46965956163D}.Debug|Win32.Build.0 = Debug|Win32
		{023B2D59-816F-484B-91D2-46965956163D}.Release|Win32.ActiveCfg = Release|Win32
		{023B2D59-816F-484B-91D2-46965956163D}.Release|Win32.Build.0 = Release|Win32
		{2E758572-62B7-460A-AE39-ED82A8253BF9}.Debug|Win32.ActiveCfg = Debug|Win32
		{2E758572-62B7-460A-AE39-ED82A8253BF9}.Debug|Win32.Build.0 = Debug|Win32
		{2E758572-62B7-460A-AE39-ED82A8253BF9}.Release|Win32.ActiveCfg = Release|Win32
		{2E758572-62B7-460A-AE39-ED82A8253BF9}.Release|Win32.Build.0 = Release|Win32
		{45AE75C6-8AA3-4067-8B1F-BB6C6441F42E}.Debug|Win32.ActiveCfg = Debug|Win32
		{45AE75C6-8AA3-4067-8B1F-BB6C6441F42E}.Debug|Win32.Build.0 = Debug|Win32
		{45AE75C6-8AA3-4067-8B1F-BB6C6441F42E}.Release|Win32.ActiveCfg = Release|Win32
		{45AE75C6-8AA3-4067-8B1F-BB6C6441F42E}.Release|Win32.Build.0 = Release|Win32
		{F82419DA-7162-44D4-83BC-5E12D344F1D8}.Debug|Win32.ActiveCfg = Debug|Win32
		{F82419DA-7162-44D4-83BC-5E12D344F1D8}.Debug|Win32.Build.0 = Debug|Win32
		{F82419DA-7162-44D4-83BC-5E12D344F1D8}.Release|Win32.ActiveCfg = Release|Win32
		{F82419DA-7162-44D4-83BC-5E12D344F1D8}.Release|Win32.Build.0 = Release|Win32
		{83DAAD3C-1AEC-49D6-89F7-B5E869D6E1E3}.Debug|Win32.ActiveCfg = Debug|Win32
		{83DAAD3C-1AEC-49D6-89F7-B5E869D6E1E3}.Debug|Win32.Build.0 = Debug|Win32
		{83DAAD3C-1AEC-49D6-89F7-B5E869D6E1E3}.Release|Win32.ActiveCfg = Release|Win32
		{83DAAD3C-1AEC-49D6-89F7-B5E869D6E1E3}.Release|Win32.Build.0 = Release|Win32
		{5FA61AA4-15AB-45D8-A04B-C918CB7437CB}.Debug|Win32.ActiveCfg = Debug|Win32
		{5FA61AA4-15AB-45D8-A04B-C918CB7437CB}.Debug|Win32.Build.0 = Debug|Win32
		{5FA61AA4-15AB-45D8-A04B-C918CB7437CB}.Release|Win32.ActiveCfg = Release|Win32
		{5FA61AA4-15AB-45D8-A04B-C918CB7437CB}.Release|Win32.Build.0 = Release|Win32
	EndGlobalSection
	GlobalSection(SolutionProperties) = preSolution
		HideSolutionNode = FALSE
	EndGlobalSection
EndGlobal
